github.com/bmatcuk/doublestar/v4 v4.10.0 h1:zU9WiOla1YA122oLM6i4EXvGW62DvKZVxIe6TYWexEs=
github.com/bmatcuk/doublestar/v4 v4.10.0/go.mod h1:xBQ8jztBU6kakFMg+8WGxn0c6z1fTSPVIjEY1Wr7jzc=
github.com/gobwas/glob v1.0.0 h1:p+FKbLEIsK1yZ39/OINwFvqNb5oyPY4H8xcy6uYu8dg=
github.com/gobwas/glob v1.0.0/go.mod h1:oWCdo522i2P1n/hMXGNWs7yoV4wy/ciZuUIbvKj5rkc=
github.com/tidwall/match v1.2.0 h1:0pt8FlkOwjN2fPt4bIl4BoNxb98gGHN2ObFEDkrfZnM=
github.com/tidwall/match v1.2.0/go.mod h1:eRSPERbgtNPcGhD8UCthc6PmLEQXEWd3PRB5JTxsfmM=
